// !$*UTF8*$!
{
	archiveVersion = 1;
	classes = {
	};
	objectVersion = 50;
	objects = {

/* Begin PBXBuildFile section */
		908BDBBC29C76D600097F562 /* Twitter_CloneApp.swift in Sources */ = {isa = PBXBuildFile; fileRef = 908BDBBB29C76D600097F562 /* Twitter_CloneApp.swift */; };
		908BDBBE29C76D600097F562 /* ContentView.swift in Sources */ = {isa = PBXBuildFile; fileRef = 908BDBBD29C76D600097F562 /* ContentView.swift */; };
		908BDBC029C76D630097F562 /* Assets.xcassets in Resources */ = {isa = PBXBuildFile; fileRef = 908BDBBF29C76D630097F562 /* Assets.xcassets */; };
		908BDBC329C76D630097F562 /* Preview Assets.xcassets in Resources */ = {isa = PBXBuildFile; fileRef = 908BDBC229C76D630097F562 /* Preview Assets.xcassets */; };
		908BDBDE29C771E80097F562 /* Home.swift in Sources */ = {isa = PBXBuildFile; fileRef = 908BDBDD29C771E80097F562 /* Home.swift */; };
		908BDBE129C778490097F562 /* Feed.swift in Sources */ = {isa = PBXBuildFile; fileRef = 908BDBE029C778490097F562 /* Feed.swift */; };
		908BDBE429C778560097F562 /* SearchView.swift in Sources */ = {isa = PBXBuildFile; fileRef = 908BDBE329C778560097F562 /* SearchView.swift */; };
		908BDBE729C778660097F562 /* NotificationsView.swift in Sources */ = {isa = PBXBuildFile; fileRef = 908BDBE629C778660097F562 /* NotificationsView.swift */; };
		908BDBEA29C778720097F562 /* MessagesView.swift in Sources */ = {isa = PBXBuildFile; fileRef = 908BDBE929C778720097F562 /* MessagesView.swift */; };
		90B6E98A29C89C900032663A /* CreateTweetView.swift in Sources */ = {isa = PBXBuildFile; fileRef = 90B6E98929C89C900032663A /* CreateTweetView.swift */; };
		90B6E98D29C89F770032663A /* MultilineTextField.swift in Sources */ = {isa = PBXBuildFile; fileRef = 90B6E98C29C89F770032663A /* MultilineTextField.swift */; };
		90B6E99029C8A4460032663A /* TweetCellView.swift in Sources */ = {isa = PBXBuildFile; fileRef = 90B6E98F29C8A4460032663A /* TweetCellView.swift */; };
/* End PBXBuildFile section */

/* Begin PBXFileReference section */
		908BDBB829C76D600097F562 /* Twitter_Clone.app */ = {isa = PBXFileReference; explicitFileType = wrapper.application; includeInIndex = 0; path = Twitter_Clone.app; sourceTree = BUILT_PRODUCTS_DIR; };
		908BDBBB29C76D600097F562 /* Twitter_CloneApp.swift */ = {isa = PBXFileReference; lastKnownFileType = sourcecode.swift; path = Twitter_CloneApp.swift; sourceTree = "<group>"; };
		908BDBBD29C76D600097F562 /* ContentView.swift */ = {isa = PBXFileReference; lastKnownFileType = sourcecode.swift; path = ContentView.swift; sourceTree = "<group>"; };
		908BDBBF29C76D630097F562 /* Assets.xcassets */ = {isa = PBXFileReference; lastKnownFileType = folder.assetcatalog; path = Assets.xcassets; sourceTree = "<group>"; };
		908BDBC229C76D630097F562 /* Preview Assets.xcassets */ = {isa = PBXFileReference; lastKnownFileType = folder.assetcatalog; path = "Preview Assets.xcassets"; sourceTree = "<group>"; };
		908BDBC429C76D630097F562 /* Info.plist */ = {isa = PBXFileReference; lastKnownFileType = text.plist.xml; path = Info.plist; sourceTree = "<group>"; };
		908BDBDD29C771E80097F562 /* Home.swift */ = {isa = PBXFileReference; lastKnownFileType = sourcecode.swift; path = Home.swift; sourceTree = "<group>"; };
		908BDBE029C778490097F562 /* Feed.swift */ = {isa = PBXFileReference; lastKnownFileType = sourcecode.swift; path = Feed.swift; sourceTree = "<group>"; };
		908BDBE329C778560097F562 /* SearchView.swift */ = {isa = PBXFileReference; lastKnownFileType = sourcecode.swift; path = SearchView.swift; sourceTree = "<group>"; };
		908BDBE629C778660097F562 /* NotificationsView.swift */ = {isa = PBXFileReference; lastKnownFileType = sourcecode.swift; path = NotificationsView.swift; sourceTree = "<group>"; };
		908BDBE929C778720097F562 /* MessagesView.swift */ = {isa = PBXFileReference; lastKnownFileType = sourcecode.swift; path = MessagesView.swift; sourceTree = "<group>"; };
		90B6E98929C89C900032663A /* CreateTweetView.swift */ = {isa = PBXFileReference; lastKnownFileType = sourcecode.swift; path = CreateTweetView.swift; sourceTree = "<group>"; };
		90B6E98C29C89F770032663A /* MultilineTextField.swift */ = {isa = PBXFileReference; lastKnownFileType = sourcecode.swift; path = MultilineTextField.swift; sourceTree = "<group>"; };
		90B6E98F29C8A4460032663A /* TweetCellView.swift */ = {isa = PBXFileReference; lastKnownFileType = sourcecode.swift; path = TweetCellView.swift; sourceTree = "<group>"; };
/* End PBXFileReference section */

/* Begin PBXFrameworksBuildPhase section */
		908BDBB529C76D600097F562 /* Frameworks */ = {
			isa = PBXFrameworksBuildPhase;
			buildActionMask = 2147483647;
			files = (
			);
			runOnlyForDeploymentPostprocessing = 0;
		};
/* End PBXFrameworksBuildPhase section */

/* Begin PBXGroup section */
		908BDBAF29C76D600097F562 = {
			isa = PBXGroup;
			children = (
				908BDBBA29C76D600097F562 /* Twitter_Clone */,
				908BDBB929C76D600097F562 /* Products */,
			);
			sourceTree = "<group>";
		};
		908BDBB929C76D600097F562 /* Products */ = {
			isa = PBXGroup;
			children = (
				908BDBB829C76D600097F562 /* Twitter_Clone.app */,
			);
			name = Products;
			sourceTree = "<group>";
		};
		908BDBBA29C76D600097F562 /* Twitter_Clone */ = {
			isa = PBXGroup;
			children = (
				908BDBD229C76FD70097F562 /* View */,
				908BDBCF29C76F870097F562 /* Extensions */,
				908BDBCE29C76F800097F562 /* Services */,
				908BDBCD29C76F770097F562 /* Model */,
				908BDBCC29C76F6D0097F562 /* ViewModel */,
				908BDBBB29C76D600097F562 /* Twitter_CloneApp.swift */,
				908BDBBD29C76D600097F562 /* ContentView.swift */,
				908BDBBF29C76D630097F562 /* Assets.xcassets */,
				908BDBC429C76D630097F562 /* Info.plist */,
				908BDBC129C76D630097F562 /* Preview Content */,
			);
			path = Twitter_Clone;
			sourceTree = "<group>";
		};
		908BDBC129C76D630097F562 /* Preview Content */ = {
			isa = PBXGroup;
			children = (
				908BDBC229C76D630097F562 /* Preview Assets.xcassets */,
			);
			path = "Preview Content";
			sourceTree = "<group>";
		};
		908BDBCC29C76F6D0097F562 /* ViewModel */ = {
			isa = PBXGroup;
			children = (
			);
			path = ViewModel;
			sourceTree = "<group>";
		};
		908BDBCD29C76F770097F562 /* Model */ = {
			isa = PBXGroup;
			children = (
			);
			path = Model;
			sourceTree = "<group>";
		};
		908BDBCE29C76F800097F562 /* Services */ = {
			isa = PBXGroup;
			children = (
			);
			path = Services;
			sourceTree = "<group>";
		};
		908BDBCF29C76F870097F562 /* Extensions */ = {
			isa = PBXGroup;
			children = (
			);
			path = Extensions;
			sourceTree = "<group>";
		};
		908BDBD229C76FD70097F562 /* View */ = {
			isa = PBXGroup;
			children = (
				908BDBDB29C770560097F562 /* Main */,
				908BDBD929C770440097F562 /* Search */,
				908BDBD829C7703D0097F562 /* Notifications */,
				908BDBD729C770350097F562 /* Messages */,
				908BDBDA29C7704B0097F562 /* Feed */,
				908BDBD629C770270097F562 /* Authentication */,
				908BDBD529C7701D0097F562 /* Items */,
				908BDBD429C770090097F562 /* Post */,
				908BDBD329C76FFA0097F562 /* Profile */,
			);
			path = View;
			sourceTree = "<group>";
		};
		908BDBD329C76FFA0097F562 /* Profile */ = {
			isa = PBXGroup;
			children = (
			);
			path = Profile;
			sourceTree = "<group>";
		};
		908BDBD429C770090097F562 /* Post */ = {
			isa = PBXGroup;
			children = (
				90B6E98929C89C900032663A /* CreateTweetView.swift */,
			);
			path = Post;
			sourceTree = "<group>";
		};
		908BDBD529C7701D0097F562 /* Items */ = {
			isa = PBXGroup;
			children = (
				90B6E98C29C89F770032663A /* MultilineTextField.swift */,
			);
			path = Items;
			sourceTree = "<group>";
		};
		908BDBD629C770270097F562 /* Authentication */ = {
			isa = PBXGroup;
			children = (
			);
			path = Authentication;
			sourceTree = "<group>";
		};
		908BDBD729C770350097F562 /* Messages */ = {
			isa = PBXGroup;
			children = (
				908BDBE929C778720097F562 /* MessagesView.swift */,
			);
			path = Messages;
			sourceTree = "<group>";
		};
		908BDBD829C7703D0097F562 /* Notifications */ = {
			isa = PBXGroup;
			children = (
				908BDBE629C778660097F562 /* NotificationsView.swift */,
			);
			name = Notifications;
			sourceTree = "<group>";
		};
		908BDBD929C770440097F562 /* Search */ = {
			isa = PBXGroup;
			children = (
				908BDBE329C778560097F562 /* SearchView.swift */,
			);
			path = Search;
			sourceTree = "<group>";
		};
		908BDBDA29C7704B0097F562 /* Feed */ = {
			isa = PBXGroup;
			children = (
				908BDBE029C778490097F562 /* Feed.swift */,
				90B6E98F29C8A4460032663A /* TweetCellView.swift */,
			);
			path = Feed;
			sourceTree = "<group>";
		};
		908BDBDB29C770560097F562 /* Main */ = {
			isa = PBXGroup;
			children = (
				908BDBDD29C771E80097F562 /* Home.swift */,
			);
			path = Main;
			sourceTree = "<group>";
		};
/* End PBXGroup section */

/* Begin PBXNativeTarget section */
		908BDBB729C76D600097F562 /* Twitter_Clone */ = {
			isa = PBXNativeTarget;
			buildConfigurationList = 908BDBC729C76D630097F562 /* Build configuration list for PBXNativeTarget "Twitter_Clone" */;
			buildPhases = (
				908BDBB429C76D600097F562 /* Sources */,
				908BDBB529C76D600097F562 /* Frameworks */,
				908BDBB629C76D600097F562 /* Resources */,
			);
			buildRules = (
			);
			dependencies = (
			);
			name = Twitter_Clone;
			productName = Twitter_Clone;
			productReference = 908BDBB829C76D600097F562 /* Twitter_Clone.app */;
			productType = "com.apple.product-type.application";
		};
/* End PBXNativeTarget section */

/* Begin PBXProject section */
		908BDBB029C76D600097F562 /* Project object */ = {
			isa = PBXProject;
			attributes = {
				LastSwiftUpdateCheck = 1230;
				LastUpgradeCheck = 1230;
				TargetAttributes = {
					908BDBB729C76D600097F562 = {
						CreatedOnToolsVersion = 12.3;
					};
				};
			};
			buildConfigurationList = 908BDBB329C76D600097F562 /* Build configuration list for PBXProject "Twitter_Clone" */;
			compatibilityVersion = "Xcode 9.3";
			developmentRegion = en;
			hasScannedForEncodings = 0;
			knownRegions = (
				en,
				Base,
			);
			mainGroup = 908BDBAF29C76D600097F562;
			productRefGroup = 908BDBB929C76D600097F562 /* Products */;
			projectDirPath = "";
			projectRoot = "";
			targets = (
				908BDBB729C76D600097F562 /* Twitter_Clone */,
			);
		};
/* End PBXProject section */

/* Begin PBXResourcesBuildPhase section */
		908BDBB629C76D600097F562 /* Resources */ = {
			isa = PBXResourcesBuildPhase;
			buildActionMask = 2147483647;
			files = (
				908BDBC329C76D630097F562 /* Preview Assets.xcassets in Resources */,
				908BDBC029C76D630097F562 /* Assets.xcassets in Resources */,
			);
			runOnlyForDeploymentPostprocessing = 0;
		};
/* End PBXResourcesBuildPhase section */

/* Begin PBXSourcesBuildPhase section */
		908BDBB429C76D600097F562 /* Sources */ = {
			isa = PBXSourcesBuildPhase;
			buildActionMask = 2147483647;
			files = (
				90B6E99029C8A4460032663A /* TweetCellView.swift in Sources */,
				90B6E98A29C89C900032663A /* CreateTweetView.swift in Sources */,
				908BDBE429C778560097F562 /* SearchView.swift in Sources */,
				908BDBE129C778490097F562 /* Feed.swift in Sources */,
				908BDBBE29C76D600097F562 /* ContentView.swift in Sources */,
				908BDBDE29C771E80097F562 /* Home.swift in Sources */,
				908BDBEA29C778720097F562 /* MessagesView.swift in Sources */,
				90B6E98D29C89F770032663A /* MultilineTextField.swift in Sources */,
				908BDBBC29C76D600097F562 /* Twitter_CloneApp.swift in Sources */,
				908BDBE729C778660097F562 /* NotificationsView.swift in Sources */,
			);
			runOnlyForDeploymentPostprocessing = 0;
		};
/* End PBXSourcesBuildPhase section */

/* Begin XCBuildConfiguration section */
		908BDBC529C76D630097F562 /* Debug */ = {
			isa = XCBuildConfiguration;
			buildSettings = {
				ALWAYS_SEARCH_USER_PATHS = NO;
				CLANG_ANALYZER_NONNULL = YES;
				CLANG_ANALYZER_NUMBER_OBJECT_CONVERSION = YES_AGGRESSIVE;
				CLANG_CXX_LANGUAGE_STANDARD = "gnu++14";
				CLANG_CXX_LIBRARY = "libc++";
				CLANG_ENABLE_MODULES = YES;
				CLANG_ENABLE_OBJC_ARC = YES;
				CLANG_ENABLE_OBJC_WEAK = YES;
				CLANG_WARN_BLOCK_CAPTURE_AUTORELEASING = YES;
				CLANG_WARN_BOOL_CONVERSION = YES;
				CLANG_WARN_COMMA = YES;
				CLANG_WARN_CONSTANT_CONVERSION = YES;
				CLANG_WARN_DEPRECATED_OBJC_IMPLEMENTATIONS = YES;
				CLANG_WARN_DIRECT_OBJC_ISA_USAGE = YES_ERROR;
				CLANG_WARN_DOCUMENTATION_COMMENTS = YES;
				CLANG_WARN_EMPTY_BODY = YES;
				CLANG_WARN_ENUM_CONVERSION = YES;
				CLANG_WARN_INFINITE_RECURSION = YES;
				CLANG_WARN_INT_CONVERSION = YES;
				CLANG_WARN_NON_LITERAL_NULL_CONVERSION = YES;
				CLANG_WARN_OBJC_IMPLICIT_RETAIN_SELF = YES;
				CLANG_WARN_OBJC_LITERAL_CONVERSION = YES;
				CLANG_WARN_OBJC_ROOT_CLASS = YES_ERROR;
				CLANG_WARN_QUOTED_INCLUDE_IN_FRAMEWORK_HEADER = YES;
				CLANG_WARN_RANGE_LOOP_ANALYSIS = YES;
				CLANG_WARN_STRICT_PROTOTYPES = YES;
				CLANG_WARN_SUSPICIOUS_MOVE = YES;
				CLANG_WARN_UNGUARDED_AVAILABILITY = YES_AGGRESSIVE;
				CLANG_WARN_UNREACHABLE_CODE = YES;
				CLANG_WARN__DUPLICATE_METHOD_MATCH = YES;
				COPY_PHASE_STRIP = NO;
				DEBUG_INFORMATION_FORMAT = dwarf;
				ENABLE_STRICT_OBJC_MSGSEND = YES;
				ENABLE_TESTABILITY = YES;
				GCC_C_LANGUAGE_STANDARD = gnu11;
				GCC_DYNAMIC_NO_PIC = NO;
				GCC_NO_COMMON_BLOCKS = YES;
				GCC_OPTIMIZATION_LEVEL = 0;
				GCC_PREPROCESSOR_DEFINITIONS = (
					"DEBUG=1",
					"$(inherited)",
				);
				GCC_WARN_64_TO_32_BIT_CONVERSION = YES;
				GCC_WARN_ABOUT_RETURN_TYPE = YES_ERROR;
				GCC_WARN_UNDECLARED_SELECTOR = YES;
				GCC_WARN_UNINITIALIZED_AUTOS = YES_AGGRESSIVE;
				GCC_WARN_UNUSED_FUNCTION = YES;
				GCC_WARN_UNUSED_VARIABLE = YES;
				IPHONEOS_DEPLOYMENT_TARGET = 14.3;
				MTL_ENABLE_DEBUG_INFO = INCLUDE_SOURCE;
				MTL_FAST_MATH = YES;
				ONLY_ACTIVE_ARCH = YES;
				SDKROOT = iphoneos;
				SWIFT_ACTIVE_COMPILATION_CONDITIONS = DEBUG;
				SWIFT_OPTIMIZATION_LEVEL = "-Onone";
			};
			name = Debug;
		};
		908BDBC629C76D630097F562 /* Release */ = {
			isa = XCBuildConfiguration;
			buildSettings = {
				ALWAYS_SEARCH_USER_PATHS = NO;
				CLANG_ANALYZER_NONNULL = YES;
				CLANG_ANALYZER_NUMBER_OBJECT_CONVERSION = YES_AGGRESSIVE;
				CLANG_CXX_LANGUAGE_STANDARD = "gnu++14";
				CLANG_CXX_LIBRARY = "libc++";
				CLANG_ENABLE_MODULES = YES;
				CLANG_ENABLE_OBJC_ARC = YES;
				CLANG_ENABLE_OBJC_WEAK = YES;
				CLANG_WARN_BLOCK_CAPTURE_AUTORELEASING = YES;
				CLANG_WARN_BOOL_CONVERSION = YES;
				CLANG_WARN_COMMA = YES;
				CLANG_WARN_CONSTANT_CONVERSION = YES;
				CLANG_WARN_DEPRECATED_OBJC_IMPLEMENTATIONS = YES;
				CLANG_WARN_DIRECT_OBJC_ISA_USAGE = YES_ERROR;
				CLANG_WARN_DOCUMENTATION_COMMENTS = YES;
				CLANG_WARN_EMPTY_BODY = YES;
				CLANG_WARN_ENUM_CONVERSION = YES;
				CLANG_WARN_INFINITE_RECURSION = YES;
				CLANG_WARN_INT_CONVERSION = YES;
				CLANG_WARN_NON_LITERAL_NULL_CONVERSION = YES;
				CLANG_WARN_OBJC_IMPLICIT_RETAIN_SELF = YES;
				CLANG_WARN_OBJC_LITERAL_CONVERSION = YES;
				CLANG_WARN_OBJC_ROOT_CLASS = YES_ERROR;
				CLANG_WARN_QUOTED_INCLUDE_IN_FRAMEWORK_HEADER = YES;
				CLANG_WARN_RANGE_LOOP_ANALYSIS = YES;
				CLANG_WARN_STRICT_PROTOTYPES = YES;
				CLANG_WARN_SUSPICIOUS_MOVE = YES;
				CLANG_WARN_UNGUARDED_AVAILABILITY = YES_AGGRESSIVE;
				CLANG_WARN_UNREACHABLE_CODE = YES;
				CLANG_WARN__DUPLICATE_METHOD_MATCH = YES;
				COPY_PHASE_STRIP = NO;
				DEBUG_INFORMATION_FORMAT = "dwarf-with-dsym";
				ENABLE_NS_ASSERTIONS = NO;
				ENABLE_STRICT_OBJC_MSGSEND = YES;
				GCC_C_LANGUAGE_STANDARD = gnu11;
				GCC_NO_COMMON_BLOCKS = YES;
				GCC_WARN_64_TO_32_BIT_CONVERSION = YES;
				GCC_WARN_ABOUT_RETURN_TYPE = YES_ERROR;
				GCC_WARN_UNDECLARED_SELECTOR = YES;
				GCC_WARN_UNINITIALIZED_AUTOS = YES_AGGRESSIVE;
				GCC_WARN_UNUSED_FUNCTION = YES;
				GCC_WARN_UNUSED_VARIABLE = YES;
				IPHONEOS_DEPLOYMENT_TARGET = 14.3;
				MTL_ENABLE_DEBUG_INFO = NO;
				MTL_FAST_MATH = YES;
				SDKROOT = iphoneos;
				SWIFT_COMPILATION_MODE = wholemodule;
				SWIFT_OPTIMIZATION_LEVEL = "-O";
				VALIDATE_PRODUCT = YES;
			};
			name = Release;
		};
		908BDBC829C76D630097F562 /* Debug */ = {
			isa = XCBuildConfiguration;
			buildSettings = {
				ASSETCATALOG_COMPILER_APPICON_NAME = AppIcon;
				ASSETCATALOG_COMPILER_GLOBAL_ACCENT_COLOR_NAME = AccentColor;
				CODE_SIGN_STYLE = Automatic;
				DEVELOPMENT_ASSET_PATHS = "\"Twitter_Clone/Preview Content\"";
				ENABLE_PREVIEWS = YES;
				INFOPLIST_FILE = Twitter_Clone/Info.plist;
				IPHONEOS_DEPLOYMENT_TARGET = 14.0;
				LD_RUNPATH_SEARCH_PATHS = (
					"$(inherited)",
					"@executable_path/Frameworks",
				);
				PRODUCT_BUNDLE_IDENTIFIER = "testAppsMichis.Twitter-Clone";
				PRODUCT_NAME = "$(TARGET_NAME)";
				SWIFT_VERSION = 5.0;
				TARGETED_DEVICE_FAMILY = "1,2";
			};
			name = Debug;
		};
		908BDBC929C76D630097F562 /* Release */ = {
			isa = XCBuildConfiguration;
			buildSettings = {
				ASSETCATALOG_COMPILER_APPICON_NAME = AppIcon;
				ASSETCATALOG_COMPILER_GLOBAL_ACCENT_COLOR_NAME = AccentColor;
				CODE_SIGN_STYLE = Automatic;
				DEVELOPMENT_ASSET_PATHS = "\"Twitter_Clone/Preview Content\"";
				ENABLE_PREVIEWS = YES;
				INFOPLIST_FILE = Twitter_Clone/Info.plist;
				IPHONEOS_DEPLOYMENT_TARGET = 14.0;
				LD_RUNPATH_SEARCH_PATHS = (
					"$(inherited)",
					"@executable_path/Frameworks",
				);
				PRODUCT_BUNDLE_IDENTIFIER = "testAppsMichis.Twitter-Clone";
				PRODUCT_NAME = "$(TARGET_NAME)";
				SWIFT_VERSION = 5.0;
				TARGETED_DEVICE_FAMILY = "1,2";
			};
			name = Release;
		};
/* End XCBuildConfiguration section */

/* Begin XCConfigurationList section */
		908BDBB329C76D600097F562 /* Build configuration list for PBXProject "Twitter_Clone" */ = {
			isa = XCConfigurationList;
			buildConfigurations = (
				908BDBC529C76D630097F562 /* Debug */,
				908BDBC629C76D630097F562 /* Release */,
			);
			defaultConfigurationIsVisible = 0;
			defaultConfigurationName = Release;
		};
		908BDBC729C76D630097F562 /* Build configuration list for PBXNativeTarget "Twitter_Clone" */ = {
			isa = XCConfigurationList;
			buildConfigurations = (
				908BDBC829C76D630097F562 /* Debug */,
				908BDBC929C76D630097F562 /* Release */,
			);
			defaultConfigurationIsVisible = 0;
			defaultConfigurationName = Release;
		};
/* End XCConfigurationList section */
	};
	rootObject = 908BDBB029C76D600097F562 /* Project object */;
}
